
Microsoft Visual Studio Solution File, Format Version 12.00
# Visual Studio Version 17
VisualStudioVersion = 17.11.35219.272
MinimumVisualStudioVersion = 10.0.40219.1
Project("{FAE04EC0-301F-11D3-BF4B-00C04F79EFBC}") = "gitub3.0", "gitub3.0.csproj", "{22F86D40-BBEF-44A2-BBA9-88926B936654}"
EndProject
Global
	GlobalSection(SolutionConfigurationPlatforms) = preSolution
		Debug|Any CPU = Debug|Any CPU
		Release|Any CPU = Release|Any CPU
	EndGlobalSection
	GlobalSection(ProjectConfigurationPlatforms) = postSolution
		{22F86D40-BBEF-44A2-BBA9-88926B936654}.Debug|Any CPU.ActiveCfg = Debug|Any CPU
		{22F86D40-BBEF-44A2-BBA9-88926B936654}.Debug|Any CPU.Build.0 = Debug|Any CPU
		{22F86D40-BBEF-44A2-BBA9-88926B936654}.Release|Any CPU.ActiveCfg = Release|Any CPU
		{22F86D40-BBEF-44A2-BBA9-88926B936654}.Release|Any CPU.Build.0 = Release|Any CPU
	EndGlobalSection
	GlobalSection(SolutionProperties) = preSolution
		HideSolutionNode = FALSE
	EndGlobalSection
	GlobalSection(ExtensibilityGlobals) = postSolution
		SolutionGuid = {6B3C0819-B821-414E-986D-FEE8B300B4E4}
	EndGlobalSection
EndGlobal
